
Microsoft Visual Studio Solution File, Format Version 12.00
# Visual Studio Version 16
VisualStudioVersion = 16.0.30011.22
MinimumVisualStudioVersion = 10.0.40219.1
Project("{FAE04EC0-301F-11D3-BF4B-00C04F79EFBC}") = "TestSite", "TestSite\TestSite.csproj", "{EF8A9E27-669A-440C-9276-E31C9AA78ABF}"
EndProject
Global
	GlobalSection(SolutionConfigurationPlatforms) = preSolution
		Debug|Any CPU = Debug|Any CPU
		Release|Any CPU = Release|Any CPU
	EndGlobalSection
	GlobalSection(ProjectConfigurationPlatforms) = postSolution
		{EF8A9E27-669A-440C-9276-E31C9AA78ABF}.Debug|Any CPU.ActiveCfg = Debug|Any CPU
		{EF8A9E27-669A-440C-9276-E31C9AA78ABF}.Debug|Any CPU.Build.0 = Debug|Any CPU
		{EF8A9E27-669A-440C-9276-E31C9AA78ABF}.Release|Any CPU.ActiveCfg = Release|Any CPU
		{EF8A9E27-669A-440C-9276-E31C9AA78ABF}.Release|Any CPU.Build.0 = Release|Any CPU
	EndGlobalSection
	GlobalSection(SolutionProperties) = preSolution
		HideSolutionNode = FALSE
	EndGlobalSection
	GlobalSection(ExtensibilityGlobals) = postSolution
		SolutionGuid = {E1795FEF-B88D-4525-B3A7-F44FE42383F3}
	EndGlobalSection
EndGlobal
